
Microsoft Visual Studio Solution File, Format Version 12.00
# Visual Studio Version 17
VisualStudioVersion = 17.0.31903.59
MinimumVisualStudioVersion = 10.0.40219.1
Project("{2150E333-8FDC-42A3-9474-1A3956D46DE8}") = "src", "src", "{827E0CD3-B72D-47B6-A68D-7590B98EB39B}"
EndProject
Project("{2150E333-8FDC-42A3-9474-1A3956D46DE8}") = "Gateway", "Gateway", "{6306A8FB-679E-111F-6585-8F70E0EE6013}"
EndProject
Project("{FAE04EC0-301F-11D3-BF4B-00C04F79EFBC}") = "ApiGateway", "src\Gateway\ApiGateway\ApiGateway.csproj", "{04454945-353B-4DF8-B91A-CA2629D87C8F}"
EndProject
Project("{2150E333-8FDC-42A3-9474-1A3956D46DE8}") = "Services", "Services", "{984BB9B3-3FA3-BE33-9484-CAC21695A33C}"
EndProject
Project("{2150E333-8FDC-42A3-9474-1A3956D46DE8}") = "AuthService", "AuthService", "{B0ED8887-1092-5A1A-EC04-2B6B0F6E9C33}"
EndProject
Project("{FAE04EC0-301F-11D3-BF4B-00C04F79EFBC}") = "Auth.API", "src\Services\AuthService\Auth.API\Auth.API.csproj", "{C4A84114-C7D6-4BBB-8E37-EFDE105A785A}"
EndProject
Project("{FAE04EC0-301F-11D3-BF4B-00C04F79EFBC}") = "Auth.Application", "src\Services\AuthService\Auth.Application\Auth.Application.csproj", "{F228851F-AA08-476D-9217-AACA687DB1D9}"
EndProject
Project("{FAE04EC0-301F-11D3-BF4B-00C04F79EFBC}") = "Auth.Domain", "src\Services\AuthService\Auth.Domain\Auth.Domain.csproj", "{E528AB47-02CC-467D-A952-B5FFD2BAFC50}"
EndProject
Project("{FAE04EC0-301F-11D3-BF4B-00C04F79EFBC}") = "Auth.Infrastructure", "src\Services\AuthService\Auth.Infrastructure\Auth.Infrastructure.csproj", "{AB582C91-0BB7-4BF2-AC7F-CF17D439FAD3}"
EndProject
Project("{2150E333-8FDC-42A3-9474-1A3956D46DE8}") = "ParkingLotService", "ParkingLotService", "{68496DCF-28E7-4F48-2801-07501E7D8AF0}"
EndProject
Project("{FAE04EC0-301F-11D3-BF4B-00C04F79EFBC}") = "ParkingLot.API", "src\Services\ParkingLotService\ParkingLot.API\ParkingLot.API.csproj", "{F983120E-9E04-4925-AFB3-59BDA2914F34}"
EndProject
Project("{FAE04EC0-301F-11D3-BF4B-00C04F79EFBC}") = "ParkingLot.Application", "src\Services\ParkingLotService\ParkingLot.Application\ParkingLot.Application.csproj", "{D4700D30-1A11-4FBE-8C91-53D3281D9237}"
EndProject
Project("{FAE04EC0-301F-11D3-BF4B-00C04F79EFBC}") = "ParkingLot.Domain", "src\Services\ParkingLotService\ParkingLot.Domain\ParkingLot.Domain.csproj", "{5E642DD6-EF14-4186-8329-63B0346027FE}"
EndProject
Project("{FAE04EC0-301F-11D3-BF4B-00C04F79EFBC}") = "ParkingLot.Infrastructure", "src\Services\ParkingLotService\ParkingLot.Infrastructure\ParkingLot.Infrastructure.csproj", "{4A73DCA5-1158-4EF0-883D-68E71AE00FDA}"
EndProject
Global
	GlobalSection(SolutionConfigurationPlatforms) = preSolution
		Debug|Any CPU = Debug|Any CPU
		Debug|x64 = Debug|x64
		Debug|x86 = Debug|x86
		Release|Any CPU = Release|Any CPU
		Release|x64 = Release|x64
		Release|x86 = Release|x86
	EndGlobalSection
	GlobalSection(ProjectConfigurationPlatforms) = postSolution
		{04454945-353B-4DF8-B91A-CA2629D87C8F}.Debug|Any CPU.ActiveCfg = Debug|Any CPU
		{04454945-353B-4DF8-B91A-CA2629D87C8F}.Debug|Any CPU.Build.0 = Debug|Any CPU
		{04454945-353B-4DF8-B91A-CA2629D87C8F}.Debug|x64.ActiveCfg = Debug|Any CPU
		{04454945-353B-4DF8-B91A-CA2629D87C8F}.Debug|x64.Build.0 = Debug|Any CPU
		{04454945-353B-4DF8-B91A-CA2629D87C8F}.Debug|x86.ActiveCfg = Debug|Any CPU
		{04454945-353B-4DF8-B91A-CA2629D87C8F}.Debug|x86.Build.0 = Debug|Any CPU
		{04454945-353B-4DF8-B91A-CA2629D87C8F}.Release|Any CPU.ActiveCfg = Release|Any CPU
		{04454945-353B-4DF8-B91A-CA2629D87C8F}.Release|Any CPU.Build.0 = Release|Any CPU
		{04454945-353B-4DF8-B91A-CA2629D87C8F}.Release|x64.ActiveCfg = Release|Any CPU
		{04454945-353B-4DF8-B91A-CA2629D87C8F}.Release|x64.Build.0 = Release|Any CPU
		{04454945-353B-4DF8-B91A-CA2629D87C8F}.Release|x86.ActiveCfg = Release|Any CPU
		{04454945-353B-4DF8-B91A-CA2629D87C8F}.Release|x86.Build.0 = Release|Any CPU
		{C4A84114-C7D6-4BBB-8E37-EFDE105A785A}.Debug|Any CPU.ActiveCfg = Debug|Any CPU
		{C4A84114-C7D6-4BBB-8E37-EFDE105A785A}.Debug|Any CPU.Build.0 = Debug|Any CPU
		{C4A84114-C7D6-4BBB-8E37-EFDE105A785A}.Debug|x64.ActiveCfg = Debug|Any CPU
		{C4A84114-C7D6-4BBB-8E37-EFDE105A785A}.Debug|x64.Build.0 = Debug|Any CPU
		{C4A84114-C7D6-4BBB-8E37-EFDE105A785A}.Debug|x86.ActiveCfg = Debug|Any CPU
		{C4A84114-C7D6-4BBB-8E37-EFDE105A785A}.Debug|x86.Build.0 = Debug|Any CPU
		{C4A84114-C7D6-4BBB-8E37-EFDE105A785A}.Release|Any CPU.ActiveCfg = Release|Any CPU
		{C4A84114-C7D6-4BBB-8E37-EFDE105A785A}.Release|Any CPU.Build.0 = Release|Any CPU
		{C4A84114-C7D6-4BBB-8E37-EFDE105A785A}.Release|x64.ActiveCfg = Release|Any CPU
		{C4A84114-C7D6-4BBB-8E37-EFDE105A785A}.Release|x64.Build.0 = Release|Any CPU
		{C4A84114-C7D6-4BBB-8E37-EFDE105A785A}.Release|x86.ActiveCfg = Release|Any CPU
		{C4A84114-C7D6-4BBB-8E37-EFDE105A785A}.Release|x86.Build.0 = Release|Any CPU
		{F228851F-AA08-476D-9217-AACA687DB1D9}.Debug|Any CPU.ActiveCfg = Debug|Any CPU
		{F228851F-AA08-476D-9217-AACA687DB1D9}.Debug|Any CPU.Build.0 = Debug|Any CPU
		{F228851F-AA08-476D-9217-AACA687DB1D9}.Debug|x64.ActiveCfg = Debug|Any CPU
		{F228851F-AA08-476D-9217-AACA687DB1D9}.Debug|x64.Build.0 = Debug|Any CPU
		{F228851F-AA08-476D-9217-AACA687DB1D9}.Debug|x86.ActiveCfg = Debug|Any CPU
		{F228851F-AA08-476D-9217-AACA687DB1D9}.Debug|x86.Build.0 = Debug|Any CPU
		{F228851F-AA08-476D-9217-AACA687DB1D9}.Release|Any CPU.ActiveCfg = Release|Any CPU
		{F228851F-AA08-476D-9217-AACA687DB1D9}.Release|Any CPU.Build.0 = Release|Any CPU
		{F228851F-AA08-476D-9217-AACA687DB1D9}.Release|x64.ActiveCfg = Release|Any CPU
		{F228851F-AA08-476D-9217-AACA687DB1D9}.Release|x64.Build.0 = Release|Any CPU
		{F228851F-AA08-476D-9217-AACA687DB1D9}.Release|x86.ActiveCfg = Release|Any CPU
		{F228851F-AA08-476D-9217-AACA687DB1D9}.Release|x86.Build.0 = Release|Any CPU
		{E528AB47-02CC-467D-A952-B5FFD2BAFC50}.Debug|Any CPU.ActiveCfg = Debug|Any CPU
		{E528AB47-02CC-467D-A952-B5FFD2BAFC50}.Debug|Any CPU.Build.0 = Debug|Any CPU
		{E528AB47-02CC-467D-A952-B5FFD2BAFC50}.Debug|x64.ActiveCfg = Debug|Any CPU
		{E528AB47-02CC-467D-A952-B5FFD2BAFC50}.Debug|x64.Build.0 = Debug|Any CPU
		{E528AB47-02CC-467D-A952-B5FFD2BAFC50}.Debug|x86.ActiveCfg = Debug|Any CPU
		{E528AB47-02CC-467D-A952-B5FFD2BAFC50}.Debug|x86.Build.0 = Debug|Any CPU
		{E528AB47-02CC-467D-A952-B5FFD2BAFC50}.Release|Any CPU.ActiveCfg = Release|Any CPU
		{E528AB47-02CC-467D-A952-B5FFD2BAFC50}.Release|Any CPU.Build.0 = Release|Any CPU
		{E528AB47-02CC-467D-A952-B5FFD2BAFC50}.Release|x64.ActiveCfg = Release|Any CPU
		{E528AB47-02CC-467D-A952-B5FFD2BAFC50}.Release|x64.Build.0 = Release|Any CPU
		{E528AB47-02CC-467D-A952-B5FFD2BAFC50}.Release|x86.ActiveCfg = Release|Any CPU
		{E528AB47-02CC-467D-A952-B5FFD2BAFC50}.Release|x86.Build.0 = Release|Any CPU
		{AB582C91-0BB7-4BF2-AC7F-CF17D439FAD3}.Debug|Any CPU.ActiveCfg = Debug|Any CPU
		{AB582C91-0BB7-4BF2-AC7F-CF17D439FAD3}.Debug|Any CPU.Build.0 = Debug|Any CPU
		{AB582C91-0BB7-4BF2-AC7F-CF17D439FAD3}.Debug|x64.ActiveCfg = Debug|Any CPU
		{AB582C91-0BB7-4BF2-AC7F-CF17D439FAD3}.Debug|x64.Build.0 = Debug|Any CPU
		{AB582C91-0BB7-4BF2-AC7F-CF17D439FAD3}.Debug|x86.ActiveCfg = Debug|Any CPU
		{AB582C91-0BB7-4BF2-AC7F-CF17D439FAD3}.Debug|x86.Build.0 = Debug|Any CPU
		{AB582C91-0BB7-4BF2-AC7F-CF17D439FAD3}.Release|Any CPU.ActiveCfg = Release|Any CPU
		{AB582C91-0BB7-4BF2-AC7F-CF17D439FAD3}.Release|Any CPU.Build.0 = Release|Any CPU
		{AB582C91-0BB7-4BF2-AC7F-CF17D439FAD3}.Release|x64.ActiveCfg = Release|Any CPU
		{AB582C91-0BB7-4BF2-AC7F-CF17D439FAD3}.Release|x64.Build.0 = Release|Any CPU
		{AB582C91-0BB7-4BF2-AC7F-CF17D439FAD3}.Release|x86.ActiveCfg = Release|Any CPU
		{AB582C91-0BB7-4BF2-AC7F-CF17D439FAD3}.Release|x86.Build.0 = Release|Any CPU
		{F983120E-9E04-4925-AFB3-59BDA2914F34}.Debug|Any CPU.ActiveCfg = Debug|Any CPU
		{F983120E-9E04-4925-AFB3-59BDA2914F34}.Debug|Any CPU.Build.0 = Debug|Any CPU
		{F983120E-9E04-4925-AFB3-59BDA2914F34}.Debug|x64.ActiveCfg = Debug|Any CPU
		{F983120E-9E04-4925-AFB3-59BDA2914F34}.Debug|x64.Build.0 = Debug|Any CPU
		{F983120E-9E04-4925-AFB3-59BDA2914F34}.Debug|x86.ActiveCfg = Debug|Any CPU
		{F983120E-9E04-4925-AFB3-59BDA2914F34}.Debug|x86.Build.0 = Debug|Any CPU
		{F983120E-9E04-4925-AFB3-59BDA2914F34}.Release|Any CPU.ActiveCfg = Release|Any CPU
		{F983120E-9E04-4925-AFB3-59BDA2914F34}.Release|Any CPU.Build.0 = Release|Any CPU
		{F983120E-9E04-4925-AFB3-59BDA2914F34}.Release|x64.ActiveCfg = Release|Any CPU
		{F983120E-9E04-4925-AFB3-59BDA2914F34}.Release|x64.Build.0 = Release|Any CPU
		{F983120E-9E04-4925-AFB3-59BDA2914F34}.Release|x86.ActiveCfg = Release|Any CPU
		{F983120E-9E04-4925-AFB3-59BDA2914F34}.Release|x86.Build.0 = Release|Any CPU
		{D4700D30-1A11-4FBE-8C91-53D3281D9237}.Debug|Any CPU.ActiveCfg = Debug|Any CPU
		{D4700D30-1A11-4FBE-8C91-53D3281D9237}.Debug|Any CPU.Build.0 = Debug|Any CPU
		{D4700D30-1A11-4FBE-8C91-53D3281D9237}.Debug|x64.ActiveCfg = Debug|Any CPU
		{D4700D30-1A11-4FBE-8C91-53D3281D9237}.Debug|x64.Build.0 = Debug|Any CPU
		{D4700D30-1A11-4FBE-8C91-53D3281D9237}.Debug|x86.ActiveCfg = Debug|Any CPU
		{D4700D30-1A11-4FBE-8C91-53D3281D9237}.Debug|x86.Build.0 = Debug|Any CPU
		{D4700D30-1A11-4FBE-8C91-53D3281D9237}.Release|Any CPU.ActiveCfg = Release|Any CPU
		{D4700D30-1A11-4FBE-8C91-53D3281D9237}.Release|Any CPU.Build.0 = Release|Any CPU
		{D4700D30-1A11-4FBE-8C91-53D3281D9237}.Release|x64.ActiveCfg = Release|Any CPU
		{D4700D30-1A11-4FBE-8C91-53D3281D9237}.Release|x64.Build.0 = Release|Any CPU
		{D4700D30-1A11-4FBE-8C91-53D3281D9237}.Release|x86.ActiveCfg = Release|Any CPU
		{D4700D30-1A11-4FBE-8C91-53D3281D9237}.Release|x86.Build.0 = Release|Any CPU
		{5E642DD6-EF14-4186-8329-63B0346027FE}.Debug|Any CPU.ActiveCfg = Debug|Any CPU
		{5E642DD6-EF14-4186-8329-63B0346027FE}.Debug|Any CPU.Build.0 = Debug|Any CPU
		{5E642DD6-EF14-4186-8329-63B0346027FE}.Debug|x64.ActiveCfg = Debug|Any CPU
		{5E642DD6-EF14-4186-8329-63B0346027FE}.Debug|x64.Build.0 = Debug|Any CPU
		{5E642DD6-EF14-4186-8329-63B0346027FE}.Debug|x86.ActiveCfg = Debug|Any CPU
		{5E642DD6-EF14-4186-8329-63B0346027FE}.Debug|x86.Build.0 = Debug|Any CPU
		{5E642DD6-EF14-4186-8329-63B0346027FE}.Release|Any CPU.ActiveCfg = Release|Any CPU
		{5E642DD6-EF14-4186-8329-63B0346027FE}.Release|Any CPU.Build.0 = Release|Any CPU
		{5E642DD6-EF14-4186-8329-63B0346027FE}.Release|x64.ActiveCfg = Release|Any CPU
		{5E642DD6-EF14-4186-8329-63B0346027FE}.Release|x64.Build.0 = Release|Any CPU
		{5E642DD6-EF14-4186-8329-63B0346027FE}.Release|x86.ActiveCfg = Release|Any CPU
		{5E642DD6-EF14-4186-8329-63B0346027FE}.Release|x86.Build.0 = Release|Any CPU
		{4A73DCA5-1158-4EF0-883D-68E71AE00FDA}.Debug|Any CPU.ActiveCfg = Debug|Any CPU
		{4A73DCA5-1158-4EF0-883D-68E71AE00FDA}.Debug|Any CPU.Build.0 = Debug|Any CPU
		{4A73DCA5-1158-4EF0-883D-68E71AE00FDA}.Debug|x64.ActiveCfg = Debug|Any CPU
		{4A73DCA5-1158-4EF0-883D-68E71AE00FDA}.Debug|x64.Build.0 = Debug|Any CPU
		{4A73DCA5-1158-4EF0-883D-68E71AE00FDA}.Debug|x86.ActiveCfg = Debug|Any CPU
		{4A73DCA5-1158-4EF0-883D-68E71AE00FDA}.Debug|x86.Build.0 = Debug|Any CPU
		{4A73DCA5-1158-4EF0-883D-68E71AE00FDA}.Release|Any CPU.ActiveCfg = Release|Any CPU
		{4A73DCA5-1158-4EF0-883D-68E71AE00FDA}.Release|Any CPU.Build.0 = Release|Any CPU
		{4A73DCA5-1158-4EF0-883D-68E71AE00FDA}.Release|x64.ActiveCfg = Release|Any CPU
		{4A73DCA5-1158-4EF0-883D-68E71AE00FDA}.Release|x64.Build.0 = Release|Any CPU
		{4A73DCA5-1158-4EF0-883D-68E71AE00FDA}.Release|x86.ActiveCfg = Release|Any CPU
		{4A73DCA5-1158-4EF0-883D-68E71AE00FDA}.Release|x86.Build.0 = Release|Any CPU
	EndGlobalSection
	GlobalSection(SolutionProperties) = preSolution
		HideSolutionNode = FALSE
	EndGlobalSection
	GlobalSection(NestedProjects) = preSolution
		{6306A8FB-679E-111F-6585-8F70E0EE6013} = {827E0CD3-B72D-47B6-A68D-7590B98EB39B}
		{04454945-353B-4DF8-B91A-CA2629D87C8F} = {6306A8FB-679E-111F-6585-8F70E0EE6013}
		{984BB9B3-3FA3-BE33-9484-CAC21695A33C} = {827E0CD3-B72D-47B6-A68D-7590B98EB39B}
		{B0ED8887-1092-5A1A-EC04-2B6B0F6E9C33} = {984BB9B3-3FA3-BE33-9484-CAC21695A33C}
		{C4A84114-C7D6-4BBB-8E37-EFDE105A785A} = {B0ED8887-1092-5A1A-EC04-2B6B0F6E9C33}
		{F228851F-AA08-476D-9217-AACA687DB1D9} = {B0ED8887-1092-5A1A-EC04-2B6B0F6E9C33}
		{E528AB47-02CC-467D-A952-B5FFD2BAFC50} = {B0ED8887-1092-5A1A-EC04-2B6B0F6E9C33}
		{AB582C91-0BB7-4BF2-AC7F-CF17D439FAD3} = {B0ED8887-1092-5A1A-EC04-2B6B0F6E9C33}
		{68496DCF-28E7-4F48-2801-07501E7D8AF0} = {984BB9B3-3FA3-BE33-9484-CAC21695A33C}
		{F983120E-9E04-4925-AFB3-59BDA2914F34} = {68496DCF-28E7-4F48-2801-07501E7D8AF0}
		{D4700D30-1A11-4FBE-8C91-53D3281D9237} = {68496DCF-28E7-4F48-2801-07501E7D8AF0}
		{5E642DD6-EF14-4186-8329-63B0346027FE} = {68496DCF-28E7-4F48-2801-07501E7D8AF0}
		{4A73DCA5-1158-4EF0-883D-68E71AE00FDA} = {68496DCF-28E7-4F48-2801-07501E7D8AF0}
	EndGlobalSection
EndGlobal
