
Microsoft Visual Studio Solution File, Format Version 12.00
# Visual Studio Version 17
VisualStudioVersion = 17.0.31903.59
MinimumVisualStudioVersion = 10.0.40219.1
Project("{2150E333-8FDC-42A3-9474-1A3956D46DE8}") = "src", "src", "{827E0CD3-B72D-47B6-A68D-7590B98EB39B}"
EndProject
Project("{2150E333-8FDC-42A3-9474-1A3956D46DE8}") = "Gateway", "Gateway", "{6306A8FB-679E-111F-6585-8F70E0EE6013}"
EndProject
Project("{FAE04EC0-301F-11D3-BF4B-00C04F79EFBC}") = "ApiGateway", "src\Gateway\ApiGateway\ApiGateway.csproj", "{0AA5DDCC-CFD8-47F5-9D05-0544BC9DF578}"
EndProject
Project("{2150E333-8FDC-42A3-9474-1A3956D46DE8}") = "Services", "Services", "{984BB9B3-3FA3-BE33-9484-CAC21695A33C}"
EndProject
Project("{2150E333-8FDC-42A3-9474-1A3956D46DE8}") = "AuthService", "AuthService", "{B0ED8887-1092-5A1A-EC04-2B6B0F6E9C33}"
EndProject
Project("{FAE04EC0-301F-11D3-BF4B-00C04F79EFBC}") = "Auth.API", "src\Services\AuthService\Auth.API\Auth.API.csproj", "{0CC744AB-AF2B-426D-A000-604CD7E445A4}"
EndProject
Project("{FAE04EC0-301F-11D3-BF4B-00C04F79EFBC}") = "Auth.Application", "src\Services\AuthService\Auth.Application\Auth.Application.csproj", "{56599F4E-F90A-4852-A2B9-F8B6167382AB}"
EndProject
Project("{FAE04EC0-301F-11D3-BF4B-00C04F79EFBC}") = "Auth.Domain", "src\Services\AuthService\Auth.Domain\Auth.Domain.csproj", "{66890DF0-F4A3-4FC3-B4E8-5F6C8E574063}"
EndProject
Project("{FAE04EC0-301F-11D3-BF4B-00C04F79EFBC}") = "Auth.Infrastructure", "src\Services\AuthService\Auth.Infrastructure\Auth.Infrastructure.csproj", "{21DA2CA0-B15D-4CAD-824B-0656995EE524}"
EndProject
Project("{2150E333-8FDC-42A3-9474-1A3956D46DE8}") = "ParkingLotService", "ParkingLotService", "{68496DCF-28E7-4F48-2801-07501E7D8AF0}"
EndProject
Project("{FAE04EC0-301F-11D3-BF4B-00C04F79EFBC}") = "ParkingLot.API", "src\Services\ParkingLotService\ParkingLot.API\ParkingLot.API.csproj", "{FE4F4495-FD84-4985-9504-E936DE3E56FD}"
EndProject
Project("{FAE04EC0-301F-11D3-BF4B-00C04F79EFBC}") = "ParkingLot.Application", "src\Services\ParkingLotService\ParkingLot.Application\ParkingLot.Application.csproj", "{E0414579-76D1-4CA8-B3D8-38305BD4C111}"
EndProject
Project("{FAE04EC0-301F-11D3-BF4B-00C04F79EFBC}") = "ParkingLot.Domain", "src\Services\ParkingLotService\ParkingLot.Domain\ParkingLot.Domain.csproj", "{569013EB-90D2-4B2A-B07F-A218318403DF}"
EndProject
Project("{FAE04EC0-301F-11D3-BF4B-00C04F79EFBC}") = "ParkingLot.Infrastructure", "src\Services\ParkingLotService\ParkingLot.Infrastructure\ParkingLot.Infrastructure.csproj", "{8E2B5E04-C61E-4451-85EA-12802990AAF6}"
EndProject
Project("{2150E333-8FDC-42A3-9474-1A3956D46DE8}") = "TicketService", "TicketService", "{79F7AB5B-C9C6-E880-12F2-EE4F8E7FAECD}"
EndProject
Project("{FAE04EC0-301F-11D3-BF4B-00C04F79EFBC}") = "Ticket.Domain", "src\Services\TicketService\Ticket.Domain\Ticket.Domain.csproj", "{D24739A2-637C-4C6D-AAEC-CCAE804B1B74}"
EndProject
Project("{FAE04EC0-301F-11D3-BF4B-00C04F79EFBC}") = "Ticket.Application", "src\Services\TicketService\Ticket.Application\Ticket.Application.csproj", "{D3A05416-7BCE-4D6B-97FC-5546948A83BC}"
EndProject
Project("{FAE04EC0-301F-11D3-BF4B-00C04F79EFBC}") = "Ticket.Infrastructure", "src\Services\TicketService\Ticket.Infrastructure\Ticket.Infrastructure.csproj", "{361C6331-6530-41FA-9C13-C26E30A39C16}"
EndProject
Project("{FAE04EC0-301F-11D3-BF4B-00C04F79EFBC}") = "Ticket.API", "src\Services\TicketService\Ticket.API\Ticket.API.csproj", "{F396EBFF-2CB1-4E4D-ABD1-EDD5934454CD}"
EndProject
Global
	GlobalSection(SolutionConfigurationPlatforms) = preSolution
		Debug|Any CPU = Debug|Any CPU
		Debug|x64 = Debug|x64
		Debug|x86 = Debug|x86
		Release|Any CPU = Release|Any CPU
		Release|x64 = Release|x64
		Release|x86 = Release|x86
	EndGlobalSection
	GlobalSection(ProjectConfigurationPlatforms) = postSolution
		{0AA5DDCC-CFD8-47F5-9D05-0544BC9DF578}.Debug|Any CPU.ActiveCfg = Debug|Any CPU
		{0AA5DDCC-CFD8-47F5-9D05-0544BC9DF578}.Debug|Any CPU.Build.0 = Debug|Any CPU
		{0AA5DDCC-CFD8-47F5-9D05-0544BC9DF578}.Debug|x64.ActiveCfg = Debug|Any CPU
		{0AA5DDCC-CFD8-47F5-9D05-0544BC9DF578}.Debug|x64.Build.0 = Debug|Any CPU
		{0AA5DDCC-CFD8-47F5-9D05-0544BC9DF578}.Debug|x86.ActiveCfg = Debug|Any CPU
		{0AA5DDCC-CFD8-47F5-9D05-0544BC9DF578}.Debug|x86.Build.0 = Debug|Any CPU
		{0AA5DDCC-CFD8-47F5-9D05-0544BC9DF578}.Release|Any CPU.ActiveCfg = Release|Any CPU
		{0AA5DDCC-CFD8-47F5-9D05-0544BC9DF578}.Release|Any CPU.Build.0 = Release|Any CPU
		{0AA5DDCC-CFD8-47F5-9D05-0544BC9DF578}.Release|x64.ActiveCfg = Release|Any CPU
		{0AA5DDCC-CFD8-47F5-9D05-0544BC9DF578}.Release|x64.Build.0 = Release|Any CPU
		{0AA5DDCC-CFD8-47F5-9D05-0544BC9DF578}.Release|x86.ActiveCfg = Release|Any CPU
		{0AA5DDCC-CFD8-47F5-9D05-0544BC9DF578}.Release|x86.Build.0 = Release|Any CPU
		{0CC744AB-AF2B-426D-A000-604CD7E445A4}.Debug|Any CPU.ActiveCfg = Debug|Any CPU
		{0CC744AB-AF2B-426D-A000-604CD7E445A4}.Debug|Any CPU.Build.0 = Debug|Any CPU
		{0CC744AB-AF2B-426D-A000-604CD7E445A4}.Debug|x64.ActiveCfg = Debug|Any CPU
		{0CC744AB-AF2B-426D-A000-604CD7E445A4}.Debug|x64.Build.0 = Debug|Any CPU
		{0CC744AB-AF2B-426D-A000-604CD7E445A4}.Debug|x86.ActiveCfg = Debug|Any CPU
		{0CC744AB-AF2B-426D-A000-604CD7E445A4}.Debug|x86.Build.0 = Debug|Any CPU
		{0CC744AB-AF2B-426D-A000-604CD7E445A4}.Release|Any CPU.ActiveCfg = Release|Any CPU
		{0CC744AB-AF2B-426D-A000-604CD7E445A4}.Release|Any CPU.Build.0 = Release|Any CPU
		{0CC744AB-AF2B-426D-A000-604CD7E445A4}.Release|x64.ActiveCfg = Release|Any CPU
		{0CC744AB-AF2B-426D-A000-604CD7E445A4}.Release|x64.Build.0 = Release|Any CPU
		{0CC744AB-AF2B-426D-A000-604CD7E445A4}.Release|x86.ActiveCfg = Release|Any CPU
		{0CC744AB-AF2B-426D-A000-604CD7E445A4}.Release|x86.Build.0 = Release|Any CPU
		{56599F4E-F90A-4852-A2B9-F8B6167382AB}.Debug|Any CPU.ActiveCfg = Debug|Any CPU
		{56599F4E-F90A-4852-A2B9-F8B6167382AB}.Debug|Any CPU.Build.0 = Debug|Any CPU
		{56599F4E-F90A-4852-A2B9-F8B6167382AB}.Debug|x64.ActiveCfg = Debug|Any CPU
		{56599F4E-F90A-4852-A2B9-F8B6167382AB}.Debug|x64.Build.0 = Debug|Any CPU
		{56599F4E-F90A-4852-A2B9-F8B6167382AB}.Debug|x86.ActiveCfg = Debug|Any CPU
		{56599F4E-F90A-4852-A2B9-F8B6167382AB}.Debug|x86.Build.0 = Debug|Any CPU
		{56599F4E-F90A-4852-A2B9-F8B6167382AB}.Release|Any CPU.ActiveCfg = Release|Any CPU
		{56599F4E-F90A-4852-A2B9-F8B6167382AB}.Release|Any CPU.Build.0 = Release|Any CPU
		{56599F4E-F90A-4852-A2B9-F8B6167382AB}.Release|x64.ActiveCfg = Release|Any CPU
		{56599F4E-F90A-4852-A2B9-F8B6167382AB}.Release|x64.Build.0 = Release|Any CPU
		{56599F4E-F90A-4852-A2B9-F8B6167382AB}.Release|x86.ActiveCfg = Release|Any CPU
		{56599F4E-F90A-4852-A2B9-F8B6167382AB}.Release|x86.Build.0 = Release|Any CPU
		{66890DF0-F4A3-4FC3-B4E8-5F6C8E574063}.Debug|Any CPU.ActiveCfg = Debug|Any CPU
		{66890DF0-F4A3-4FC3-B4E8-5F6C8E574063}.Debug|Any CPU.Build.0 = Debug|Any CPU
		{66890DF0-F4A3-4FC3-B4E8-5F6C8E574063}.Debug|x64.ActiveCfg = Debug|Any CPU
		{66890DF0-F4A3-4FC3-B4E8-5F6C8E574063}.Debug|x64.Build.0 = Debug|Any CPU
		{66890DF0-F4A3-4FC3-B4E8-5F6C8E574063}.Debug|x86.ActiveCfg = Debug|Any CPU
		{66890DF0-F4A3-4FC3-B4E8-5F6C8E574063}.Debug|x86.Build.0 = Debug|Any CPU
		{66890DF0-F4A3-4FC3-B4E8-5F6C8E574063}.Release|Any CPU.ActiveCfg = Release|Any CPU
		{66890DF0-F4A3-4FC3-B4E8-5F6C8E574063}.Release|Any CPU.Build.0 = Release|Any CPU
		{66890DF0-F4A3-4FC3-B4E8-5F6C8E574063}.Release|x64.ActiveCfg = Release|Any CPU
		{66890DF0-F4A3-4FC3-B4E8-5F6C8E574063}.Release|x64.Build.0 = Release|Any CPU
		{66890DF0-F4A3-4FC3-B4E8-5F6C8E574063}.Release|x86.ActiveCfg = Release|Any CPU
		{66890DF0-F4A3-4FC3-B4E8-5F6C8E574063}.Release|x86.Build.0 = Release|Any CPU
		{21DA2CA0-B15D-4CAD-824B-0656995EE524}.Debug|Any CPU.ActiveCfg = Debug|Any CPU
		{21DA2CA0-B15D-4CAD-824B-0656995EE524}.Debug|Any CPU.Build.0 = Debug|Any CPU
		{21DA2CA0-B15D-4CAD-824B-0656995EE524}.Debug|x64.ActiveCfg = Debug|Any CPU
		{21DA2CA0-B15D-4CAD-824B-0656995EE524}.Debug|x64.Build.0 = Debug|Any CPU
		{21DA2CA0-B15D-4CAD-824B-0656995EE524}.Debug|x86.ActiveCfg = Debug|Any CPU
		{21DA2CA0-B15D-4CAD-824B-0656995EE524}.Debug|x86.Build.0 = Debug|Any CPU
		{21DA2CA0-B15D-4CAD-824B-0656995EE524}.Release|Any CPU.ActiveCfg = Release|Any CPU
		{21DA2CA0-B15D-4CAD-824B-0656995EE524}.Release|Any CPU.Build.0 = Release|Any CPU
		{21DA2CA0-B15D-4CAD-824B-0656995EE524}.Release|x64.ActiveCfg = Release|Any CPU
		{21DA2CA0-B15D-4CAD-824B-0656995EE524}.Release|x64.Build.0 = Release|Any CPU
		{21DA2CA0-B15D-4CAD-824B-0656995EE524}.Release|x86.ActiveCfg = Release|Any CPU
		{21DA2CA0-B15D-4CAD-824B-0656995EE524}.Release|x86.Build.0 = Release|Any CPU
		{FE4F4495-FD84-4985-9504-E936DE3E56FD}.Debug|Any CPU.ActiveCfg = Debug|Any CPU
		{FE4F4495-FD84-4985-9504-E936DE3E56FD}.Debug|Any CPU.Build.0 = Debug|Any CPU
		{FE4F4495-FD84-4985-9504-E936DE3E56FD}.Debug|x64.ActiveCfg = Debug|Any CPU
		{FE4F4495-FD84-4985-9504-E936DE3E56FD}.Debug|x64.Build.0 = Debug|Any CPU
		{FE4F4495-FD84-4985-9504-E936DE3E56FD}.Debug|x86.ActiveCfg = Debug|Any CPU
		{FE4F4495-FD84-4985-9504-E936DE3E56FD}.Debug|x86.Build.0 = Debug|Any CPU
		{FE4F4495-FD84-4985-9504-E936DE3E56FD}.Release|Any CPU.ActiveCfg = Release|Any CPU
		{FE4F4495-FD84-4985-9504-E936DE3E56FD}.Release|Any CPU.Build.0 = Release|Any CPU
		{FE4F4495-FD84-4985-9504-E936DE3E56FD}.Release|x64.ActiveCfg = Release|Any CPU
		{FE4F4495-FD84-4985-9504-E936DE3E56FD}.Release|x64.Build.0 = Release|Any CPU
		{FE4F4495-FD84-4985-9504-E936DE3E56FD}.Release|x86.ActiveCfg = Release|Any CPU
		{FE4F4495-FD84-4985-9504-E936DE3E56FD}.Release|x86.Build.0 = Release|Any CPU
		{E0414579-76D1-4CA8-B3D8-38305BD4C111}.Debug|Any CPU.ActiveCfg = Debug|Any CPU
		{E0414579-76D1-4CA8-B3D8-38305BD4C111}.Debug|Any CPU.Build.0 = Debug|Any CPU
		{E0414579-76D1-4CA8-B3D8-38305BD4C111}.Debug|x64.ActiveCfg = Debug|Any CPU
		{E0414579-76D1-4CA8-B3D8-38305BD4C111}.Debug|x64.Build.0 = Debug|Any CPU
		{E0414579-76D1-4CA8-B3D8-38305BD4C111}.Debug|x86.ActiveCfg = Debug|Any CPU
		{E0414579-76D1-4CA8-B3D8-38305BD4C111}.Debug|x86.Build.0 = Debug|Any CPU
		{E0414579-76D1-4CA8-B3D8-38305BD4C111}.Release|Any CPU.ActiveCfg = Release|Any CPU
		{E0414579-76D1-4CA8-B3D8-38305BD4C111}.Release|Any CPU.Build.0 = Release|Any CPU
		{E0414579-76D1-4CA8-B3D8-38305BD4C111}.Release|x64.ActiveCfg = Release|Any CPU
		{E0414579-76D1-4CA8-B3D8-38305BD4C111}.Release|x64.Build.0 = Release|Any CPU
		{E0414579-76D1-4CA8-B3D8-38305BD4C111}.Release|x86.ActiveCfg = Release|Any CPU
		{E0414579-76D1-4CA8-B3D8-38305BD4C111}.Release|x86.Build.0 = Release|Any CPU
		{569013EB-90D2-4B2A-B07F-A218318403DF}.Debug|Any CPU.ActiveCfg = Debug|Any CPU
		{569013EB-90D2-4B2A-B07F-A218318403DF}.Debug|Any CPU.Build.0 = Debug|Any CPU
		{569013EB-90D2-4B2A-B07F-A218318403DF}.Debug|x64.ActiveCfg = Debug|Any CPU
		{569013EB-90D2-4B2A-B07F-A218318403DF}.Debug|x64.Build.0 = Debug|Any CPU
		{569013EB-90D2-4B2A-B07F-A218318403DF}.Debug|x86.ActiveCfg = Debug|Any CPU
		{569013EB-90D2-4B2A-B07F-A218318403DF}.Debug|x86.Build.0 = Debug|Any CPU
		{569013EB-90D2-4B2A-B07F-A218318403DF}.Release|Any CPU.ActiveCfg = Release|Any CPU
		{569013EB-90D2-4B2A-B07F-A218318403DF}.Release|Any CPU.Build.0 = Release|Any CPU
		{569013EB-90D2-4B2A-B07F-A218318403DF}.Release|x64.ActiveCfg = Release|Any CPU
		{569013EB-90D2-4B2A-B07F-A218318403DF}.Release|x64.Build.0 = Release|Any CPU
		{569013EB-90D2-4B2A-B07F-A218318403DF}.Release|x86.ActiveCfg = Release|Any CPU
		{569013EB-90D2-4B2A-B07F-A218318403DF}.Release|x86.Build.0 = Release|Any CPU
		{8E2B5E04-C61E-4451-85EA-12802990AAF6}.Debug|Any CPU.ActiveCfg = Debug|Any CPU
		{8E2B5E04-C61E-4451-85EA-12802990AAF6}.Debug|Any CPU.Build.0 = Debug|Any CPU
		{8E2B5E04-C61E-4451-85EA-12802990AAF6}.Debug|x64.ActiveCfg = Debug|Any CPU
		{8E2B5E04-C61E-4451-85EA-12802990AAF6}.Debug|x64.Build.0 = Debug|Any CPU
		{8E2B5E04-C61E-4451-85EA-12802990AAF6}.Debug|x86.ActiveCfg = Debug|Any CPU
		{8E2B5E04-C61E-4451-85EA-12802990AAF6}.Debug|x86.Build.0 = Debug|Any CPU
		{8E2B5E04-C61E-4451-85EA-12802990AAF6}.Release|Any CPU.ActiveCfg = Release|Any CPU
		{8E2B5E04-C61E-4451-85EA-12802990AAF6}.Release|Any CPU.Build.0 = Release|Any CPU
		{8E2B5E04-C61E-4451-85EA-12802990AAF6}.Release|x64.ActiveCfg = Release|Any CPU
		{8E2B5E04-C61E-4451-85EA-12802990AAF6}.Release|x64.Build.0 = Release|Any CPU
		{8E2B5E04-C61E-4451-85EA-12802990AAF6}.Release|x86.ActiveCfg = Release|Any CPU
		{8E2B5E04-C61E-4451-85EA-12802990AAF6}.Release|x86.Build.0 = Release|Any CPU
		{D24739A2-637C-4C6D-AAEC-CCAE804B1B74}.Debug|Any CPU.ActiveCfg = Debug|Any CPU
		{D24739A2-637C-4C6D-AAEC-CCAE804B1B74}.Debug|Any CPU.Build.0 = Debug|Any CPU
		{D24739A2-637C-4C6D-AAEC-CCAE804B1B74}.Debug|x64.ActiveCfg = Debug|Any CPU
		{D24739A2-637C-4C6D-AAEC-CCAE804B1B74}.Debug|x64.Build.0 = Debug|Any CPU
		{D24739A2-637C-4C6D-AAEC-CCAE804B1B74}.Debug|x86.ActiveCfg = Debug|Any CPU
		{D24739A2-637C-4C6D-AAEC-CCAE804B1B74}.Debug|x86.Build.0 = Debug|Any CPU
		{D24739A2-637C-4C6D-AAEC-CCAE804B1B74}.Release|Any CPU.ActiveCfg = Release|Any CPU
		{D24739A2-637C-4C6D-AAEC-CCAE804B1B74}.Release|Any CPU.Build.0 = Release|Any CPU
		{D24739A2-637C-4C6D-AAEC-CCAE804B1B74}.Release|x64.ActiveCfg = Release|Any CPU
		{D24739A2-637C-4C6D-AAEC-CCAE804B1B74}.Release|x64.Build.0 = Release|Any CPU
		{D24739A2-637C-4C6D-AAEC-CCAE804B1B74}.Release|x86.ActiveCfg = Release|Any CPU
		{D24739A2-637C-4C6D-AAEC-CCAE804B1B74}.Release|x86.Build.0 = Release|Any CPU
		{D3A05416-7BCE-4D6B-97FC-5546948A83BC}.Debug|Any CPU.ActiveCfg = Debug|Any CPU
		{D3A05416-7BCE-4D6B-97FC-5546948A83BC}.Debug|Any CPU.Build.0 = Debug|Any CPU
		{D3A05416-7BCE-4D6B-97FC-5546948A83BC}.Debug|x64.ActiveCfg = Debug|Any CPU
		{D3A05416-7BCE-4D6B-97FC-5546948A83BC}.Debug|x64.Build.0 = Debug|Any CPU
		{D3A05416-7BCE-4D6B-97FC-5546948A83BC}.Debug|x86.ActiveCfg = Debug|Any CPU
		{D3A05416-7BCE-4D6B-97FC-5546948A83BC}.Debug|x86.Build.0 = Debug|Any CPU
		{D3A05416-7BCE-4D6B-97FC-5546948A83BC}.Release|Any CPU.ActiveCfg = Release|Any CPU
		{D3A05416-7BCE-4D6B-97FC-5546948A83BC}.Release|Any CPU.Build.0 = Release|Any CPU
		{D3A05416-7BCE-4D6B-97FC-5546948A83BC}.Release|x64.ActiveCfg = Release|Any CPU
		{D3A05416-7BCE-4D6B-97FC-5546948A83BC}.Release|x64.Build.0 = Release|Any CPU
		{D3A05416-7BCE-4D6B-97FC-5546948A83BC}.Release|x86.ActiveCfg = Release|Any CPU
		{D3A05416-7BCE-4D6B-97FC-5546948A83BC}.Release|x86.Build.0 = Release|Any CPU
		{361C6331-6530-41FA-9C13-C26E30A39C16}.Debug|Any CPU.ActiveCfg = Debug|Any CPU
		{361C6331-6530-41FA-9C13-C26E30A39C16}.Debug|Any CPU.Build.0 = Debug|Any CPU
		{361C6331-6530-41FA-9C13-C26E30A39C16}.Debug|x64.ActiveCfg = Debug|Any CPU
		{361C6331-6530-41FA-9C13-C26E30A39C16}.Debug|x64.Build.0 = Debug|Any CPU
		{361C6331-6530-41FA-9C13-C26E30A39C16}.Debug|x86.ActiveCfg = Debug|Any CPU
		{361C6331-6530-41FA-9C13-C26E30A39C16}.Debug|x86.Build.0 = Debug|Any CPU
		{361C6331-6530-41FA-9C13-C26E30A39C16}.Release|Any CPU.ActiveCfg = Release|Any CPU
		{361C6331-6530-41FA-9C13-C26E30A39C16}.Release|Any CPU.Build.0 = Release|Any CPU
		{361C6331-6530-41FA-9C13-C26E30A39C16}.Release|x64.ActiveCfg = Release|Any CPU
		{361C6331-6530-41FA-9C13-C26E30A39C16}.Release|x64.Build.0 = Release|Any CPU
		{361C6331-6530-41FA-9C13-C26E30A39C16}.Release|x86.ActiveCfg = Release|Any CPU
		{361C6331-6530-41FA-9C13-C26E30A39C16}.Release|x86.Build.0 = Release|Any CPU
		{F396EBFF-2CB1-4E4D-ABD1-EDD5934454CD}.Debug|Any CPU.ActiveCfg = Debug|Any CPU
		{F396EBFF-2CB1-4E4D-ABD1-EDD5934454CD}.Debug|Any CPU.Build.0 = Debug|Any CPU
		{F396EBFF-2CB1-4E4D-ABD1-EDD5934454CD}.Debug|x64.ActiveCfg = Debug|Any CPU
		{F396EBFF-2CB1-4E4D-ABD1-EDD5934454CD}.Debug|x64.Build.0 = Debug|Any CPU
		{F396EBFF-2CB1-4E4D-ABD1-EDD5934454CD}.Debug|x86.ActiveCfg = Debug|Any CPU
		{F396EBFF-2CB1-4E4D-ABD1-EDD5934454CD}.Debug|x86.Build.0 = Debug|Any CPU
		{F396EBFF-2CB1-4E4D-ABD1-EDD5934454CD}.Release|Any CPU.ActiveCfg = Release|Any CPU
		{F396EBFF-2CB1-4E4D-ABD1-EDD5934454CD}.Release|Any CPU.Build.0 = Release|Any CPU
		{F396EBFF-2CB1-4E4D-ABD1-EDD5934454CD}.Release|x64.ActiveCfg = Release|Any CPU
		{F396EBFF-2CB1-4E4D-ABD1-EDD5934454CD}.Release|x64.Build.0 = Release|Any CPU
		{F396EBFF-2CB1-4E4D-ABD1-EDD5934454CD}.Release|x86.ActiveCfg = Release|Any CPU
		{F396EBFF-2CB1-4E4D-ABD1-EDD5934454CD}.Release|x86.Build.0 = Release|Any CPU
	EndGlobalSection
	GlobalSection(SolutionProperties) = preSolution
		HideSolutionNode = FALSE
	EndGlobalSection
	GlobalSection(NestedProjects) = preSolution
		{6306A8FB-679E-111F-6585-8F70E0EE6013} = {827E0CD3-B72D-47B6-A68D-7590B98EB39B}
		{0AA5DDCC-CFD8-47F5-9D05-0544BC9DF578} = {6306A8FB-679E-111F-6585-8F70E0EE6013}
		{984BB9B3-3FA3-BE33-9484-CAC21695A33C} = {827E0CD3-B72D-47B6-A68D-7590B98EB39B}
		{B0ED8887-1092-5A1A-EC04-2B6B0F6E9C33} = {984BB9B3-3FA3-BE33-9484-CAC21695A33C}
		{0CC744AB-AF2B-426D-A000-604CD7E445A4} = {B0ED8887-1092-5A1A-EC04-2B6B0F6E9C33}
		{56599F4E-F90A-4852-A2B9-F8B6167382AB} = {B0ED8887-1092-5A1A-EC04-2B6B0F6E9C33}
		{66890DF0-F4A3-4FC3-B4E8-5F6C8E574063} = {B0ED8887-1092-5A1A-EC04-2B6B0F6E9C33}
		{21DA2CA0-B15D-4CAD-824B-0656995EE524} = {B0ED8887-1092-5A1A-EC04-2B6B0F6E9C33}
		{68496DCF-28E7-4F48-2801-07501E7D8AF0} = {984BB9B3-3FA3-BE33-9484-CAC21695A33C}
		{FE4F4495-FD84-4985-9504-E936DE3E56FD} = {68496DCF-28E7-4F48-2801-07501E7D8AF0}
		{E0414579-76D1-4CA8-B3D8-38305BD4C111} = {68496DCF-28E7-4F48-2801-07501E7D8AF0}
		{569013EB-90D2-4B2A-B07F-A218318403DF} = {68496DCF-28E7-4F48-2801-07501E7D8AF0}
		{8E2B5E04-C61E-4451-85EA-12802990AAF6} = {68496DCF-28E7-4F48-2801-07501E7D8AF0}
		{79F7AB5B-C9C6-E880-12F2-EE4F8E7FAECD} = {984BB9B3-3FA3-BE33-9484-CAC21695A33C}
		{D24739A2-637C-4C6D-AAEC-CCAE804B1B74} = {79F7AB5B-C9C6-E880-12F2-EE4F8E7FAECD}
		{D3A05416-7BCE-4D6B-97FC-5546948A83BC} = {79F7AB5B-C9C6-E880-12F2-EE4F8E7FAECD}
		{361C6331-6530-41FA-9C13-C26E30A39C16} = {79F7AB5B-C9C6-E880-12F2-EE4F8E7FAECD}
		{F396EBFF-2CB1-4E4D-ABD1-EDD5934454CD} = {79F7AB5B-C9C6-E880-12F2-EE4F8E7FAECD}
	EndGlobalSection
EndGlobal
